
Microsoft Visual Studio Solution File, Format Version 12.00
# Visual Studio Version 17
VisualStudioVersion = 17.3.32611.2
MinimumVisualStudioVersion = 10.0.40219.1
Project("{FAE04EC0-301F-11D3-BF4B-00C04F79EFBC}") = "draw your apartment(WPF)", "draw your apartment(WPF)\draw your apartment(WPF).csproj", "{BB9D5401-97B6-498B-9DE5-B3E4E975E4F4}"
EndProject
Global
	GlobalSection(SolutionConfigurationPlatforms) = preSolution
		Debug|Any CPU = Debug|Any CPU
		Release|Any CPU = Release|Any CPU
	EndGlobalSection
	GlobalSection(ProjectConfigurationPlatforms) = postSolution
		{BB9D5401-97B6-498B-9DE5-B3E4E975E4F4}.Debug|Any CPU.ActiveCfg = Debug|Any CPU
		{BB9D5401-97B6-498B-9DE5-B3E4E975E4F4}.Debug|Any CPU.Build.0 = Debug|Any CPU
		{BB9D5401-97B6-498B-9DE5-B3E4E975E4F4}.Release|Any CPU.ActiveCfg = Release|Any CPU
		{BB9D5401-97B6-498B-9DE5-B3E4E975E4F4}.Release|Any CPU.Build.0 = Release|Any CPU
	EndGlobalSection
	GlobalSection(SolutionProperties) = preSolution
		HideSolutionNode = FALSE
	EndGlobalSection
	GlobalSection(ExtensibilityGlobals) = postSolution
		SolutionGuid = {37B2C7B1-048B-4DEA-AB59-88EB21BA49D9}
	EndGlobalSection
EndGlobal
